
Microsoft Visual Studio Solution File, Format Version 12.00
# Visual Studio Version 17
VisualStudioVersion = 17.10.35013.160
MinimumVisualStudioVersion = 10.0.40219.1
Project("{FAE04EC0-301F-11D3-BF4B-00C04F79EFBC}") = "BattleShipLibrary", "BattleShipLibrary\BattleShipLibrary.csproj", "{AC930DBB-6138-4CAE-99AE-81390ED75134}"
EndProject
Project("{FAE04EC0-301F-11D3-BF4B-00C04F79EFBC}") = "BattleShipGame", "BattleShipGame\BattleShipGame.csproj", "{E23CC3AC-5ABB-447D-A336-B492B21A2EE1}"
EndProject
Global
	GlobalSection(SolutionConfigurationPlatforms) = preSolution
		Debug|Any CPU = Debug|Any CPU
		Release|Any CPU = Release|Any CPU
	EndGlobalSection
	GlobalSection(ProjectConfigurationPlatforms) = postSolution
		{AC930DBB-6138-4CAE-99AE-81390ED75134}.Debug|Any CPU.ActiveCfg = Debug|Any CPU
		{AC930DBB-6138-4CAE-99AE-81390ED75134}.Debug|Any CPU.Build.0 = Debug|Any CPU
		{AC930DBB-6138-4CAE-99AE-81390ED75134}.Release|Any CPU.ActiveCfg = Release|Any CPU
		{AC930DBB-6138-4CAE-99AE-81390ED75134}.Release|Any CPU.Build.0 = Release|Any CPU
		{E23CC3AC-5ABB-447D-A336-B492B21A2EE1}.Debug|Any CPU.ActiveCfg = Debug|Any CPU
		{E23CC3AC-5ABB-447D-A336-B492B21A2EE1}.Debug|Any CPU.Build.0 = Debug|Any CPU
		{E23CC3AC-5ABB-447D-A336-B492B21A2EE1}.Release|Any CPU.ActiveCfg = Release|Any CPU
		{E23CC3AC-5ABB-447D-A336-B492B21A2EE1}.Release|Any CPU.Build.0 = Release|Any CPU
	EndGlobalSection
	GlobalSection(SolutionProperties) = preSolution
		HideSolutionNode = FALSE
	EndGlobalSection
	GlobalSection(ExtensibilityGlobals) = postSolution
		SolutionGuid = {EA9C6E5A-1C8E-4D94-B52C-32672E6CC9A9}
	EndGlobalSection
EndGlobal
